// !$*UTF8*$!
{
	archiveVersion = 1;
	classes = {
	};
	objectVersion = 56;
	objects = {

/* Begin PBXBuildFile section */
		201A50EB2A901F5000956489 /* HashtagTimelineContext.swift in Sources */ = {isa = PBXBuildFile; fileRef = 201A50EA2A901F5000956489 /* HashtagTimelineContext.swift */; };
		201A50F22A90397300956489 /* Color.swift in Sources */ = {isa = PBXBuildFile; fileRef = 201A50F12A90397300956489 /* Color.swift */; };
		201A50F52A90DF5B00956489 /* InstanceCredentials.swift in Sources */ = {isa = PBXBuildFile; fileRef = 201A50F42A90DF5B00956489 /* InstanceCredentials.swift */; };
		201A50F72A911ECF00956489 /* MisskeyKitError.swift in Sources */ = {isa = PBXBuildFile; fileRef = 201A50F62A911ECF00956489 /* MisskeyKitError.swift */; };
		201A50F92A91384500956489 /* MFMRenderModifier.swift in Sources */ = {isa = PBXBuildFile; fileRef = 201A50F82A91384500956489 /* MFMRenderModifier.swift */; };
		201A50FB2A9138EA00956489 /* MFMModifier.swift in Sources */ = {isa = PBXBuildFile; fileRef = 201A50FA2A9138EA00956489 /* MFMModifier.swift */; };
		201A50FD2A91390B00956489 /* MFMNodeProtocol.swift in Sources */ = {isa = PBXBuildFile; fileRef = 201A50FC2A91390B00956489 /* MFMNodeProtocol.swift */; };
		201A50FF2A913E1F00956489 /* MFMRenderNode.swift in Sources */ = {isa = PBXBuildFile; fileRef = 201A50FE2A913E1F00956489 /* MFMRenderNode.swift */; };
		201A51012A913F9A00956489 /* MFMRenderMerger.swift in Sources */ = {isa = PBXBuildFile; fileRef = 201A51002A913F9A00956489 /* MFMRenderMerger.swift */; };
		201A51032A91447300956489 /* MFMRenderContext.swift in Sources */ = {isa = PBXBuildFile; fileRef = 201A51022A91447300956489 /* MFMRenderContext.swift */; };
		201A51052A9144C600956489 /* MFMRender.swift in Sources */ = {isa = PBXBuildFile; fileRef = 201A51042A9144C600956489 /* MFMRender.swift */; };
		201A51072A91744500956489 /* MisskeyPermission.swift in Sources */ = {isa = PBXBuildFile; fileRef = 201A51062A91744500956489 /* MisskeyPermission.swift */; };
		201A510A2A91816700956489 /* BlurView.swift in Sources */ = {isa = PBXBuildFile; fileRef = 201A51092A91816700956489 /* BlurView.swift */; };
		2042881E2A8BAD8F001DC6F2 /* Emoji.swift in Sources */ = {isa = PBXBuildFile; fileRef = 2042881D2A8BAD8F001DC6F2 /* Emoji.swift */; };
		204288202A8BAE64001DC6F2 /* EmojiModel.swift in Sources */ = {isa = PBXBuildFile; fileRef = 2042881F2A8BAE64001DC6F2 /* EmojiModel.swift */; };
		204DA3F42A8869D900BB0598 /* MessageHistoryModel.swift in Sources */ = {isa = PBXBuildFile; fileRef = 204DA3F32A8869D900BB0598 /* MessageHistoryModel.swift */; };
		204DA3F62A886FB100BB0598 /* ChatListEntry.swift in Sources */ = {isa = PBXBuildFile; fileRef = 204DA3F52A886FB100BB0598 /* ChatListEntry.swift */; };
		204DA3F82A88F6C600BB0598 /* ChatListHeader.swift in Sources */ = {isa = PBXBuildFile; fileRef = 204DA3F72A88F6C600BB0598 /* ChatListHeader.swift */; };
		204DA3FA2A88FF7500BB0598 /* ChatView.swift in Sources */ = {isa = PBXBuildFile; fileRef = 204DA3F92A88FF7500BB0598 /* ChatView.swift */; };
		204DA3FC2A8900CC00BB0598 /* ChatHeader.swift in Sources */ = {isa = PBXBuildFile; fileRef = 204DA3FB2A8900CC00BB0598 /* ChatHeader.swift */; };
		204DA3FE2A8901BE00BB0598 /* RemoteImage.swift in Sources */ = {isa = PBXBuildFile; fileRef = 204DA3FD2A8901BE00BB0598 /* RemoteImage.swift */; };
		204DA4002A8907AB00BB0598 /* ChatContext.swift in Sources */ = {isa = PBXBuildFile; fileRef = 204DA3FF2A8907AB00BB0598 /* ChatContext.swift */; };
		204DA4022A890DEC00BB0598 /* ChatMessage.swift in Sources */ = {isa = PBXBuildFile; fileRef = 204DA4012A890DEC00BB0598 /* ChatMessage.swift */; };
		204DA4042A890E5E00BB0598 /* MessageModel.swift in Sources */ = {isa = PBXBuildFile; fileRef = 204DA4032A890E5E00BB0598 /* MessageModel.swift */; };
		204DA4062A89167500BB0598 /* ChatBar.swift in Sources */ = {isa = PBXBuildFile; fileRef = 204DA4052A89167500BB0598 /* ChatBar.swift */; };
		204DA4092A891EF200BB0598 /* TimelineHeader.swift in Sources */ = {isa = PBXBuildFile; fileRef = 204DA4082A891EF200BB0598 /* TimelineHeader.swift */; };
		204DA40B2A892A6000BB0598 /* MetaModel.swift in Sources */ = {isa = PBXBuildFile; fileRef = 204DA40A2A892A6000BB0598 /* MetaModel.swift */; };
		204DA4162A8A6D1A00BB0598 /* NoteView.swift in Sources */ = {isa = PBXBuildFile; fileRef = 204DA4152A8A6D1A00BB0598 /* NoteView.swift */; };
		204DA41F2A8AB98D00BB0598 /* MFMNodeType.swift in Sources */ = {isa = PBXBuildFile; fileRef = 204DA41E2A8AB98D00BB0598 /* MFMNodeType.swift */; };
		204DA4232A8ABD4E00BB0598 /* Tokenizer.swift in Sources */ = {isa = PBXBuildFile; fileRef = 204DA4222A8ABD4E00BB0598 /* Tokenizer.swift */; };
		204DA4272A8AC32D00BB0598 /* Visualizer.swift in Sources */ = {isa = PBXBuildFile; fileRef = 204DA4262A8AC32D00BB0598 /* Visualizer.swift */; };
		204DA42F2A8ACC2100BB0598 /* MFMNode.swift in Sources */ = {isa = PBXBuildFile; fileRef = 204DA42E2A8ACC2100BB0598 /* MFMNode.swift */; };
		204DA4332A8AD4A000BB0598 /* String.swift in Sources */ = {isa = PBXBuildFile; fileRef = 204DA4322A8AD4A000BB0598 /* String.swift */; };
		2068CBEE2A87B5BC00F8A958 /* rawrApp.swift in Sources */ = {isa = PBXBuildFile; fileRef = 2068CBED2A87B5BC00F8A958 /* rawrApp.swift */; };
		2068CBF02A87B5BC00F8A958 /* ContentView.swift in Sources */ = {isa = PBXBuildFile; fileRef = 2068CBEF2A87B5BC00F8A958 /* ContentView.swift */; };
		2068CBF22A87B5BF00F8A958 /* Assets.xcassets in Resources */ = {isa = PBXBuildFile; fileRef = 2068CBF12A87B5BF00F8A958 /* Assets.xcassets */; };
		2068CBF62A87B5BF00F8A958 /* Preview Assets.xcassets in Resources */ = {isa = PBXBuildFile; fileRef = 2068CBF52A87B5BF00F8A958 /* Preview Assets.xcassets */; };
		2068CBFE2A87B62100F8A958 /* SwiftKit in Frameworks */ = {isa = PBXBuildFile; productRef = 2068CBFD2A87B62100F8A958 /* SwiftKit */; };
		2068CC012A87B80300F8A958 /* RawrKeychain.swift in Sources */ = {isa = PBXBuildFile; fileRef = 2068CC002A87B80300F8A958 /* RawrKeychain.swift */; };
		2068CC032A87B85500F8A958 /* ViewContext.swift in Sources */ = {isa = PBXBuildFile; fileRef = 2068CC022A87B85500F8A958 /* ViewContext.swift */; };
		2068CC0E2A87B96D00F8A958 /* OnboardingWelcomeCard.swift in Sources */ = {isa = PBXBuildFile; fileRef = 2068CC072A87B96D00F8A958 /* OnboardingWelcomeCard.swift */; };
		2068CC0F2A87B96D00F8A958 /* OnboardingConnectCard.swift in Sources */ = {isa = PBXBuildFile; fileRef = 2068CC082A87B96D00F8A958 /* OnboardingConnectCard.swift */; };
		2068CC102A87B96D00F8A958 /* OnboardingServerCard.swift in Sources */ = {isa = PBXBuildFile; fileRef = 2068CC092A87B96D00F8A958 /* OnboardingServerCard.swift */; };
		2068CC112A87B96D00F8A958 /* OnboardingMisskeyAuthModalController.swift in Sources */ = {isa = PBXBuildFile; fileRef = 2068CC0B2A87B96D00F8A958 /* OnboardingMisskeyAuthModalController.swift */; };
		2068CC122A87B96D00F8A958 /* OnboardingMisskeyAuthModal.swift in Sources */ = {isa = PBXBuildFile; fileRef = 2068CC0C2A87B96D00F8A958 /* OnboardingMisskeyAuthModal.swift */; };
		2068CC132A87B96D00F8A958 /* OnboardingView.swift in Sources */ = {isa = PBXBuildFile; fileRef = 2068CC0D2A87B96D00F8A958 /* OnboardingView.swift */; };
		2068CC162A87B9B500F8A958 /* MisskeyKit in Frameworks */ = {isa = PBXBuildFile; productRef = 2068CC152A87B9B500F8A958 /* MisskeyKit */; };
		2068CC192A87BA1300F8A958 /* KeychainSwift in Frameworks */ = {isa = PBXBuildFile; productRef = 2068CC182A87BA1300F8A958 /* KeychainSwift */; };
		2068CC2B2A87C25B00F8A958 /* Timeline.swift in Sources */ = {isa = PBXBuildFile; fileRef = 2068CC1D2A87C25B00F8A958 /* Timeline.swift */; };
		2068CC2D2A87C25B00F8A958 /* NoteFooter.swift in Sources */ = {isa = PBXBuildFile; fileRef = 2068CC202A87C25B00F8A958 /* NoteFooter.swift */; };
		2068CC2E2A87C25B00F8A958 /* NoteBodyReactions.swift in Sources */ = {isa = PBXBuildFile; fileRef = 2068CC222A87C25B00F8A958 /* NoteBodyReactions.swift */; };
		2068CC2F2A87C25B00F8A958 /* NoteBodyGallery.swift in Sources */ = {isa = PBXBuildFile; fileRef = 2068CC232A87C25B00F8A958 /* NoteBodyGallery.swift */; };
		2068CC302A87C25B00F8A958 /* NoteBodyText.swift in Sources */ = {isa = PBXBuildFile; fileRef = 2068CC242A87C25B00F8A958 /* NoteBodyText.swift */; };
		2068CC312A87C25B00F8A958 /* Note.swift in Sources */ = {isa = PBXBuildFile; fileRef = 2068CC252A87C25B00F8A958 /* Note.swift */; };
		2068CC322A87C25B00F8A958 /* NoteDecorationBoost.swift in Sources */ = {isa = PBXBuildFile; fileRef = 2068CC272A87C25B00F8A958 /* NoteDecorationBoost.swift */; };
		2068CC332A87C25B00F8A958 /* NoteHeader.swift in Sources */ = {isa = PBXBuildFile; fileRef = 2068CC282A87C25B00F8A958 /* NoteHeader.swift */; };
		2068CC342A87C25B00F8A958 /* ProfileSwitcher.swift in Sources */ = {isa = PBXBuildFile; fileRef = 2068CC2A2A87C25B00F8A958 /* ProfileSwitcher.swift */; };
		2068CC362A87C27600F8A958 /* TimelineView.swift in Sources */ = {isa = PBXBuildFile; fileRef = 2068CC352A87C27600F8A958 /* TimelineView.swift */; };
		2068CC392A87C2A100F8A958 /* NetworkImage in Frameworks */ = {isa = PBXBuildFile; productRef = 2068CC382A87C2A100F8A958 /* NetworkImage */; };
		2068CC412A87C2EB00F8A958 /* NoteModel.swift in Sources */ = {isa = PBXBuildFile; fileRef = 2068CC3F2A87C2EB00F8A958 /* NoteModel.swift */; };
		2068CC432A87C30A00F8A958 /* MainView.swift in Sources */ = {isa = PBXBuildFile; fileRef = 2068CC422A87C30A00F8A958 /* MainView.swift */; };
		2068CC462A87EAFC00F8A958 /* ViewReloader.swift in Sources */ = {isa = PBXBuildFile; fileRef = 2068CC452A87EAFC00F8A958 /* ViewReloader.swift */; };
		207C33DA2A8FB89000500E33 /* TimelineContextProtocol.swift in Sources */ = {isa = PBXBuildFile; fileRef = 207C33D92A8FB89000500E33 /* TimelineContextProtocol.swift */; };
		207C33DC2A8FB8B700500E33 /* TimelineItem.swift in Sources */ = {isa = PBXBuildFile; fileRef = 207C33DB2A8FB8B700500E33 /* TimelineItem.swift */; };
		207C33DF2A8FBD5800500E33 /* MisskeyKit in Frameworks */ = {isa = PBXBuildFile; productRef = 207C33DE2A8FBD5800500E33 /* MisskeyKit */; };
		207C33E22A8FC38A00500E33 /* MisskeyKit in Frameworks */ = {isa = PBXBuildFile; productRef = 207C33E12A8FC38A00500E33 /* MisskeyKit */; };
		207C33E42A8FC4A400500E33 /* TimelineContextBase.swift in Sources */ = {isa = PBXBuildFile; fileRef = 207C33E32A8FC4A400500E33 /* TimelineContextBase.swift */; };
		207C33E62A8FC6AC00500E33 /* HomeTimelineContext.swift in Sources */ = {isa = PBXBuildFile; fileRef = 207C33E52A8FC6AC00500E33 /* HomeTimelineContext.swift */; };
		207C33E82A8FD13500500E33 /* LocalTimelineContext.swift in Sources */ = {isa = PBXBuildFile; fileRef = 207C33E72A8FD13500500E33 /* LocalTimelineContext.swift */; };
		207C33EA2A8FD18D00500E33 /* GlobalTimelineContext.swift in Sources */ = {isa = PBXBuildFile; fileRef = 207C33E92A8FD18D00500E33 /* GlobalTimelineContext.swift */; };
		20805F292A8EC0DF0001F2AB /* WrappingHStack in Frameworks */ = {isa = PBXBuildFile; productRef = 20805F282A8EC0DF0001F2AB /* WrappingHStack */; };
		2098F91E2A8EF792003CAAE2 /* Scanner.swift in Sources */ = {isa = PBXBuildFile; fileRef = 2098F91D2A8EF792003CAAE2 /* Scanner.swift */; };
		20AE17AE2A88421A00C9AC07 /* ImageViewer.swift in Sources */ = {isa = PBXBuildFile; fileRef = 20AE17AD2A88421A00C9AC07 /* ImageViewer.swift */; };
		20D37D322A88577000BCC1C5 /* ChatListView.swift in Sources */ = {isa = PBXBuildFile; fileRef = 20D37D312A88577000BCC1C5 /* ChatListView.swift */; };
		3F9B50312A8FCE0A00EA7924 /* EmojiSection.swift in Sources */ = {isa = PBXBuildFile; fileRef = 3F9B50302A8FCE0A00EA7924 /* EmojiSection.swift */; };
/* End PBXBuildFile section */

/* Begin PBXFileReference section */
		201A50EA2A901F5000956489 /* HashtagTimelineContext.swift */ = {isa = PBXFileReference; lastKnownFileType = sourcecode.swift; path = HashtagTimelineContext.swift; sourceTree = "<group>"; };
		201A50F12A90397300956489 /* Color.swift */ = {isa = PBXFileReference; lastKnownFileType = sourcecode.swift; path = Color.swift; sourceTree = "<group>"; };
		201A50F42A90DF5B00956489 /* InstanceCredentials.swift */ = {isa = PBXFileReference; lastKnownFileType = sourcecode.swift; path = InstanceCredentials.swift; sourceTree = "<group>"; };
		201A50F62A911ECF00956489 /* MisskeyKitError.swift */ = {isa = PBXFileReference; lastKnownFileType = sourcecode.swift; path = MisskeyKitError.swift; sourceTree = "<group>"; };
		201A50F82A91384500956489 /* MFMRenderModifier.swift */ = {isa = PBXFileReference; lastKnownFileType = sourcecode.swift; path = MFMRenderModifier.swift; sourceTree = "<group>"; };
		201A50FA2A9138EA00956489 /* MFMModifier.swift */ = {isa = PBXFileReference; lastKnownFileType = sourcecode.swift; path = MFMModifier.swift; sourceTree = "<group>"; };
		201A50FC2A91390B00956489 /* MFMNodeProtocol.swift */ = {isa = PBXFileReference; lastKnownFileType = sourcecode.swift; path = MFMNodeProtocol.swift; sourceTree = "<group>"; };
		201A50FE2A913E1F00956489 /* MFMRenderNode.swift */ = {isa = PBXFileReference; lastKnownFileType = sourcecode.swift; path = MFMRenderNode.swift; sourceTree = "<group>"; };
		201A51002A913F9A00956489 /* MFMRenderMerger.swift */ = {isa = PBXFileReference; lastKnownFileType = sourcecode.swift; path = MFMRenderMerger.swift; sourceTree = "<group>"; };
		201A51022A91447300956489 /* MFMRenderContext.swift */ = {isa = PBXFileReference; lastKnownFileType = sourcecode.swift; path = MFMRenderContext.swift; sourceTree = "<group>"; };
		201A51042A9144C600956489 /* MFMRender.swift */ = {isa = PBXFileReference; lastKnownFileType = sourcecode.swift; path = MFMRender.swift; sourceTree = "<group>"; };
		201A51062A91744500956489 /* MisskeyPermission.swift */ = {isa = PBXFileReference; lastKnownFileType = sourcecode.swift; path = MisskeyPermission.swift; sourceTree = "<group>"; };
		201A51092A91816700956489 /* BlurView.swift */ = {isa = PBXFileReference; lastKnownFileType = sourcecode.swift; path = BlurView.swift; sourceTree = "<group>"; };
		2042881D2A8BAD8F001DC6F2 /* Emoji.swift */ = {isa = PBXFileReference; lastKnownFileType = sourcecode.swift; path = Emoji.swift; sourceTree = "<group>"; };
		2042881F2A8BAE64001DC6F2 /* EmojiModel.swift */ = {isa = PBXFileReference; lastKnownFileType = sourcecode.swift; path = EmojiModel.swift; sourceTree = "<group>"; };
		204DA3F32A8869D900BB0598 /* MessageHistoryModel.swift */ = {isa = PBXFileReference; lastKnownFileType = sourcecode.swift; path = MessageHistoryModel.swift; sourceTree = "<group>"; };
		204DA3F52A886FB100BB0598 /* ChatListEntry.swift */ = {isa = PBXFileReference; lastKnownFileType = sourcecode.swift; path = ChatListEntry.swift; sourceTree = "<group>"; };
		204DA3F72A88F6C600BB0598 /* ChatListHeader.swift */ = {isa = PBXFileReference; lastKnownFileType = sourcecode.swift; path = ChatListHeader.swift; sourceTree = "<group>"; };
		204DA3F92A88FF7500BB0598 /* ChatView.swift */ = {isa = PBXFileReference; lastKnownFileType = sourcecode.swift; path = ChatView.swift; sourceTree = "<group>"; };
		204DA3FB2A8900CC00BB0598 /* ChatHeader.swift */ = {isa = PBXFileReference; lastKnownFileType = sourcecode.swift; path = ChatHeader.swift; sourceTree = "<group>"; };
		204DA3FD2A8901BE00BB0598 /* RemoteImage.swift */ = {isa = PBXFileReference; lastKnownFileType = sourcecode.swift; path = RemoteImage.swift; sourceTree = "<group>"; };
		204DA3FF2A8907AB00BB0598 /* ChatContext.swift */ = {isa = PBXFileReference; lastKnownFileType = sourcecode.swift; path = ChatContext.swift; sourceTree = "<group>"; };
		204DA4012A890DEC00BB0598 /* ChatMessage.swift */ = {isa = PBXFileReference; lastKnownFileType = sourcecode.swift; path = ChatMessage.swift; sourceTree = "<group>"; };
		204DA4032A890E5E00BB0598 /* MessageModel.swift */ = {isa = PBXFileReference; lastKnownFileType = sourcecode.swift; path = MessageModel.swift; sourceTree = "<group>"; };
		204DA4052A89167500BB0598 /* ChatBar.swift */ = {isa = PBXFileReference; lastKnownFileType = sourcecode.swift; path = ChatBar.swift; sourceTree = "<group>"; };
		204DA4082A891EF200BB0598 /* TimelineHeader.swift */ = {isa = PBXFileReference; lastKnownFileType = sourcecode.swift; path = TimelineHeader.swift; sourceTree = "<group>"; };
		204DA40A2A892A6000BB0598 /* MetaModel.swift */ = {isa = PBXFileReference; lastKnownFileType = sourcecode.swift; path = MetaModel.swift; sourceTree = "<group>"; };
		204DA4152A8A6D1A00BB0598 /* NoteView.swift */ = {isa = PBXFileReference; lastKnownFileType = sourcecode.swift; path = NoteView.swift; sourceTree = "<group>"; };
		204DA4192A8A978700BB0598 /* rawr--Info.plist */ = {isa = PBXFileReference; lastKnownFileType = text.plist; path = "rawr--Info.plist"; sourceTree = "<group>"; };
		204DA41E2A8AB98D00BB0598 /* MFMNodeType.swift */ = {isa = PBXFileReference; lastKnownFileType = sourcecode.swift; path = MFMNodeType.swift; sourceTree = "<group>"; };
		204DA4222A8ABD4E00BB0598 /* Tokenizer.swift */ = {isa = PBXFileReference; lastKnownFileType = sourcecode.swift; path = Tokenizer.swift; sourceTree = "<group>"; };
		204DA4262A8AC32D00BB0598 /* Visualizer.swift */ = {isa = PBXFileReference; lastKnownFileType = sourcecode.swift; path = Visualizer.swift; sourceTree = "<group>"; };
		204DA42E2A8ACC2100BB0598 /* MFMNode.swift */ = {isa = PBXFileReference; lastKnownFileType = sourcecode.swift; path = MFMNode.swift; sourceTree = "<group>"; };
		204DA4322A8AD4A000BB0598 /* String.swift */ = {isa = PBXFileReference; lastKnownFileType = sourcecode.swift; path = String.swift; sourceTree = "<group>"; };
		2068CBEA2A87B5BC00F8A958 /* rawr..app */ = {isa = PBXFileReference; explicitFileType = wrapper.application; includeInIndex = 0; path = rawr..app; sourceTree = BUILT_PRODUCTS_DIR; };
		2068CBED2A87B5BC00F8A958 /* rawrApp.swift */ = {isa = PBXFileReference; lastKnownFileType = sourcecode.swift; path = rawrApp.swift; sourceTree = "<group>"; };
		2068CBEF2A87B5BC00F8A958 /* ContentView.swift */ = {isa = PBXFileReference; lastKnownFileType = sourcecode.swift; path = ContentView.swift; sourceTree = "<group>"; };
		2068CBF12A87B5BF00F8A958 /* Assets.xcassets */ = {isa = PBXFileReference; lastKnownFileType = folder.assetcatalog; path = Assets.xcassets; sourceTree = "<group>"; };
		2068CBF32A87B5BF00F8A958 /* rawr.entitlements */ = {isa = PBXFileReference; lastKnownFileType = text.plist.entitlements; path = rawr.entitlements; sourceTree = "<group>"; };
		2068CBF52A87B5BF00F8A958 /* Preview Assets.xcassets */ = {isa = PBXFileReference; lastKnownFileType = folder.assetcatalog; path = "Preview Assets.xcassets"; sourceTree = "<group>"; };
		2068CC002A87B80300F8A958 /* RawrKeychain.swift */ = {isa = PBXFileReference; fileEncoding = 4; lastKnownFileType = sourcecode.swift; path = RawrKeychain.swift; sourceTree = "<group>"; };
		2068CC022A87B85500F8A958 /* ViewContext.swift */ = {isa = PBXFileReference; lastKnownFileType = sourcecode.swift; path = ViewContext.swift; sourceTree = "<group>"; };
		2068CC072A87B96D00F8A958 /* OnboardingWelcomeCard.swift */ = {isa = PBXFileReference; fileEncoding = 4; lastKnownFileType = sourcecode.swift; path = OnboardingWelcomeCard.swift; sourceTree = "<group>"; };
		2068CC082A87B96D00F8A958 /* OnboardingConnectCard.swift */ = {isa = PBXFileReference; fileEncoding = 4; lastKnownFileType = sourcecode.swift; path = OnboardingConnectCard.swift; sourceTree = "<group>"; };
		2068CC092A87B96D00F8A958 /* OnboardingServerCard.swift */ = {isa = PBXFileReference; fileEncoding = 4; lastKnownFileType = sourcecode.swift; path = OnboardingServerCard.swift; sourceTree = "<group>"; };
		2068CC0B2A87B96D00F8A958 /* OnboardingMisskeyAuthModalController.swift */ = {isa = PBXFileReference; fileEncoding = 4; lastKnownFileType = sourcecode.swift; path = OnboardingMisskeyAuthModalController.swift; sourceTree = "<group>"; };
		2068CC0C2A87B96D00F8A958 /* OnboardingMisskeyAuthModal.swift */ = {isa = PBXFileReference; fileEncoding = 4; lastKnownFileType = sourcecode.swift; path = OnboardingMisskeyAuthModal.swift; sourceTree = "<group>"; };
		2068CC0D2A87B96D00F8A958 /* OnboardingView.swift */ = {isa = PBXFileReference; fileEncoding = 4; lastKnownFileType = sourcecode.swift; path = OnboardingView.swift; sourceTree = "<group>"; };
		2068CC1D2A87C25B00F8A958 /* Timeline.swift */ = {isa = PBXFileReference; fileEncoding = 4; lastKnownFileType = sourcecode.swift; path = Timeline.swift; sourceTree = "<group>"; };
		2068CC202A87C25B00F8A958 /* NoteFooter.swift */ = {isa = PBXFileReference; fileEncoding = 4; lastKnownFileType = sourcecode.swift; path = NoteFooter.swift; sourceTree = "<group>"; };
		2068CC222A87C25B00F8A958 /* NoteBodyReactions.swift */ = {isa = PBXFileReference; fileEncoding = 4; lastKnownFileType = sourcecode.swift; path = NoteBodyReactions.swift; sourceTree = "<group>"; };
		2068CC232A87C25B00F8A958 /* NoteBodyGallery.swift */ = {isa = PBXFileReference; fileEncoding = 4; lastKnownFileType = sourcecode.swift; path = NoteBodyGallery.swift; sourceTree = "<group>"; };
		2068CC242A87C25B00F8A958 /* NoteBodyText.swift */ = {isa = PBXFileReference; fileEncoding = 4; lastKnownFileType = sourcecode.swift; path = NoteBodyText.swift; sourceTree = "<group>"; };
		2068CC252A87C25B00F8A958 /* Note.swift */ = {isa = PBXFileReference; fileEncoding = 4; lastKnownFileType = sourcecode.swift; path = Note.swift; sourceTree = "<group>"; };
		2068CC272A87C25B00F8A958 /* NoteDecorationBoost.swift */ = {isa = PBXFileReference; fileEncoding = 4; lastKnownFileType = sourcecode.swift; path = NoteDecorationBoost.swift; sourceTree = "<group>"; };
		2068CC282A87C25B00F8A958 /* NoteHeader.swift */ = {isa = PBXFileReference; fileEncoding = 4; lastKnownFileType = sourcecode.swift; path = NoteHeader.swift; sourceTree = "<group>"; };
		2068CC2A2A87C25B00F8A958 /* ProfileSwitcher.swift */ = {isa = PBXFileReference; fileEncoding = 4; lastKnownFileType = sourcecode.swift; path = ProfileSwitcher.swift; sourceTree = "<group>"; };
		2068CC352A87C27600F8A958 /* TimelineView.swift */ = {isa = PBXFileReference; fileEncoding = 4; lastKnownFileType = sourcecode.swift; path = TimelineView.swift; sourceTree = "<group>"; };
		2068CC3F2A87C2EB00F8A958 /* NoteModel.swift */ = {isa = PBXFileReference; fileEncoding = 4; lastKnownFileType = sourcecode.swift; path = NoteModel.swift; sourceTree = "<group>"; };
		2068CC422A87C30A00F8A958 /* MainView.swift */ = {isa = PBXFileReference; lastKnownFileType = sourcecode.swift; path = MainView.swift; sourceTree = "<group>"; };
		2068CC452A87EAFC00F8A958 /* ViewReloader.swift */ = {isa = PBXFileReference; lastKnownFileType = sourcecode.swift; path = ViewReloader.swift; sourceTree = "<group>"; };
		207C33D92A8FB89000500E33 /* TimelineContextProtocol.swift */ = {isa = PBXFileReference; lastKnownFileType = sourcecode.swift; path = TimelineContextProtocol.swift; sourceTree = "<group>"; };
		207C33DB2A8FB8B700500E33 /* TimelineItem.swift */ = {isa = PBXFileReference; lastKnownFileType = sourcecode.swift; path = TimelineItem.swift; sourceTree = "<group>"; };
		207C33E32A8FC4A400500E33 /* TimelineContextBase.swift */ = {isa = PBXFileReference; lastKnownFileType = sourcecode.swift; path = TimelineContextBase.swift; sourceTree = "<group>"; };
		207C33E52A8FC6AC00500E33 /* HomeTimelineContext.swift */ = {isa = PBXFileReference; lastKnownFileType = sourcecode.swift; path = HomeTimelineContext.swift; sourceTree = "<group>"; };
		207C33E72A8FD13500500E33 /* LocalTimelineContext.swift */ = {isa = PBXFileReference; lastKnownFileType = sourcecode.swift; path = LocalTimelineContext.swift; sourceTree = "<group>"; };
		207C33E92A8FD18D00500E33 /* GlobalTimelineContext.swift */ = {isa = PBXFileReference; lastKnownFileType = sourcecode.swift; path = GlobalTimelineContext.swift; sourceTree = "<group>"; };
		2098F91D2A8EF792003CAAE2 /* Scanner.swift */ = {isa = PBXFileReference; lastKnownFileType = sourcecode.swift; path = Scanner.swift; sourceTree = "<group>"; };
		20AE17AD2A88421A00C9AC07 /* ImageViewer.swift */ = {isa = PBXFileReference; lastKnownFileType = sourcecode.swift; path = ImageViewer.swift; sourceTree = "<group>"; };
		20D37D312A88577000BCC1C5 /* ChatListView.swift */ = {isa = PBXFileReference; lastKnownFileType = sourcecode.swift; path = ChatListView.swift; sourceTree = "<group>"; };
		3F9B50302A8FCE0A00EA7924 /* EmojiSection.swift */ = {isa = PBXFileReference; fileEncoding = 4; lastKnownFileType = sourcecode.swift; path = EmojiSection.swift; sourceTree = "<group>"; };
/* End PBXFileReference section */

/* Begin PBXFrameworksBuildPhase section */
		2068CBE72A87B5BC00F8A958 /* Frameworks */ = {
			isa = PBXFrameworksBuildPhase;
			buildActionMask = 2147483647;
			files = (
				2068CC192A87BA1300F8A958 /* KeychainSwift in Frameworks */,
				20805F292A8EC0DF0001F2AB /* WrappingHStack in Frameworks */,
				207C33E22A8FC38A00500E33 /* MisskeyKit in Frameworks */,
				2068CC392A87C2A100F8A958 /* NetworkImage in Frameworks */,
				2068CBFE2A87B62100F8A958 /* SwiftKit in Frameworks */,
				2068CC162A87B9B500F8A958 /* MisskeyKit in Frameworks */,
				207C33DF2A8FBD5800500E33 /* MisskeyKit in Frameworks */,
			);
			runOnlyForDeploymentPostprocessing = 0;
		};
/* End PBXFrameworksBuildPhase section */

/* Begin PBXGroup section */
		201A50EC2A902F8800956489 /* Rendering */ = {
			isa = PBXGroup;
			children = (
				201A51042A9144C600956489 /* MFMRender.swift */,
				201A51022A91447300956489 /* MFMRenderContext.swift */,
				201A50FE2A913E1F00956489 /* MFMRenderNode.swift */,
				201A51002A913F9A00956489 /* MFMRenderMerger.swift */,
				201A50F82A91384500956489 /* MFMRenderModifier.swift */,
			);
			path = Rendering;
			sourceTree = "<group>";
		};
		201A50F32A90DF2B00956489 /* Models */ = {
			isa = PBXGroup;
			children = (
				201A50F42A90DF5B00956489 /* InstanceCredentials.swift */,
				201A51062A91744500956489 /* MisskeyPermission.swift */,
			);
			path = Models;
			sourceTree = "<group>";
		};
		201A51082A91815300956489 /* Components */ = {
			isa = PBXGroup;
			children = (
				201A51092A91816700956489 /* BlurView.swift */,
			);
			path = Components;
			sourceTree = "<group>";
		};
		201A510C2A92603E00956489 /* Emojis */ = {
			isa = PBXGroup;
			children = (
				2042881D2A8BAD8F001DC6F2 /* Emoji.swift */,
			);
			path = Emojis;
			sourceTree = "<group>";
		};
		204DA4072A891EE400BB0598 /* Components */ = {
			isa = PBXGroup;
			children = (
				204DA4082A891EF200BB0598 /* TimelineHeader.swift */,
			);
			path = Components;
			sourceTree = "<group>";
		};
		204DA4132A8A6CCD00BB0598 /* Views */ = {
			isa = PBXGroup;
			children = (
				20D37D2F2A88575300BCC1C5 /* Chat */,
				204DA4142A8A6D0400BB0598 /* Note */,
				2068CC052A87B96D00F8A958 /* Onboarding */,
				2068CC1A2A87C24200F8A958 /* Timeline */,
			);
			path = Views;
			sourceTree = "<group>";
		};
		204DA4142A8A6D0400BB0598 /* Note */ = {
			isa = PBXGroup;
			children = (
				204DA4152A8A6D1A00BB0598 /* NoteView.swift */,
			);
			path = Note;
			sourceTree = "<group>";
		};
		204DA41A2A8AB30C00BB0598 /* MFM */ = {
			isa = PBXGroup;
			children = (
				201A51082A91815300956489 /* Components */,
				201A50EC2A902F8800956489 /* Rendering */,
				204DA41B2A8AB8F500BB0598 /* Models */,
				204DA4222A8ABD4E00BB0598 /* Tokenizer.swift */,
				204DA4262A8AC32D00BB0598 /* Visualizer.swift */,
			);
			path = MFM;
			sourceTree = "<group>";
		};
		204DA41B2A8AB8F500BB0598 /* Models */ = {
			isa = PBXGroup;
			children = (
				204DA42E2A8ACC2100BB0598 /* MFMNode.swift */,
				201A50FC2A91390B00956489 /* MFMNodeProtocol.swift */,
				204DA41E2A8AB98D00BB0598 /* MFMNodeType.swift */,
				201A50FA2A9138EA00956489 /* MFMModifier.swift */,
			);
			path = Models;
			sourceTree = "<group>";
		};
		2068CBE12A87B5BC00F8A958 = {
			isa = PBXGroup;
			children = (
				204DA4192A8A978700BB0598 /* rawr--Info.plist */,
				2068CBEC2A87B5BC00F8A958 /* rawr */,
				2068CBEB2A87B5BC00F8A958 /* Products */,
			);
			sourceTree = "<group>";
		};
		2068CBEB2A87B5BC00F8A958 /* Products */ = {
			isa = PBXGroup;
			children = (
				2068CBEA2A87B5BC00F8A958 /* rawr..app */,
			);
			name = Products;
			sourceTree = "<group>";
		};
		2068CBEC2A87B5BC00F8A958 /* rawr */ = {
			isa = PBXGroup;
			children = (
				2068CBFF2A87B7DB00F8A958 /* Core */,
				2068CC3D2A87C2EB00F8A958 /* Extensions */,
				204DA41A2A8AB30C00BB0598 /* MFM */,
				2068CC042A87B90B00F8A958 /* UI */,
				2068CBED2A87B5BC00F8A958 /* rawrApp.swift */,
				2068CBEF2A87B5BC00F8A958 /* ContentView.swift */,
				2068CC022A87B85500F8A958 /* ViewContext.swift */,
				2068CBF12A87B5BF00F8A958 /* Assets.xcassets */,
				2068CBF32A87B5BF00F8A958 /* rawr.entitlements */,
				2068CBF42A87B5BF00F8A958 /* Preview Content */,
			);
			path = rawr;
			sourceTree = "<group>";
		};
		2068CBF42A87B5BF00F8A958 /* Preview Content */ = {
			isa = PBXGroup;
			children = (
				2068CBF52A87B5BF00F8A958 /* Preview Assets.xcassets */,
			);
			path = "Preview Content";
			sourceTree = "<group>";
		};
		2068CBFF2A87B7DB00F8A958 /* Core */ = {
			isa = PBXGroup;
			children = (
				201A50F32A90DF2B00956489 /* Models */,
				2068CC002A87B80300F8A958 /* RawrKeychain.swift */,
			);
			path = Core;
			sourceTree = "<group>";
		};
		2068CC042A87B90B00F8A958 /* UI */ = {
			isa = PBXGroup;
			children = (
				2068CC1B2A87C25B00F8A958 /* Components */,
				204DA4132A8A6CCD00BB0598 /* Views */,
				2068CC422A87C30A00F8A958 /* MainView.swift */,
			);
			path = UI;
			sourceTree = "<group>";
		};
		2068CC052A87B96D00F8A958 /* Onboarding */ = {
			isa = PBXGroup;
			children = (
				2068CC0D2A87B96D00F8A958 /* OnboardingView.swift */,
				2068CC062A87B96D00F8A958 /* Cards */,
				2068CC0A2A87B96D00F8A958 /* Modals */,
			);
			path = Onboarding;
			sourceTree = "<group>";
		};
		2068CC062A87B96D00F8A958 /* Cards */ = {
			isa = PBXGroup;
			children = (
				2068CC072A87B96D00F8A958 /* OnboardingWelcomeCard.swift */,
				2068CC092A87B96D00F8A958 /* OnboardingServerCard.swift */,
				2068CC082A87B96D00F8A958 /* OnboardingConnectCard.swift */,
			);
			path = Cards;
			sourceTree = "<group>";
		};
		2068CC0A2A87B96D00F8A958 /* Modals */ = {
			isa = PBXGroup;
			children = (
				2068CC0B2A87B96D00F8A958 /* OnboardingMisskeyAuthModalController.swift */,
				2068CC0C2A87B96D00F8A958 /* OnboardingMisskeyAuthModal.swift */,
			);
			path = Modals;
			sourceTree = "<group>";
		};
		2068CC1A2A87C24200F8A958 /* Timeline */ = {
			isa = PBXGroup;
			children = (
				204DA4072A891EE400BB0598 /* Components */,
				2068CC352A87C27600F8A958 /* TimelineView.swift */,
			);
			path = Timeline;
			sourceTree = "<group>";
		};
		2068CC1B2A87C25B00F8A958 /* Components */ = {
			isa = PBXGroup;
			children = (
				201A510C2A92603E00956489 /* Emojis */,
				2068CC1F2A87C25B00F8A958 /* Notes */,
				2068CC292A87C25B00F8A958 /* Profile */,
				2068CC1C2A87C25B00F8A958 /* Timelines */,
				2068CC442A87EADE00F8A958 /* Utilities */,
			);
			path = Components;
			sourceTree = "<group>";
		};
		2068CC1C2A87C25B00F8A958 /* Timelines */ = {
			isa = PBXGroup;
			children = (
				207C33D82A8FB5C400500E33 /* Context */,
				207C33E92A8FD18D00500E33 /* GlobalTimelineContext.swift */,
				201A50EA2A901F5000956489 /* HashtagTimelineContext.swift */,
				207C33E52A8FC6AC00500E33 /* HomeTimelineContext.swift */,
				207C33E72A8FD13500500E33 /* LocalTimelineContext.swift */,
				2068CC1D2A87C25B00F8A958 /* Timeline.swift */,
			);
			path = Timelines;
			sourceTree = "<group>";
		};
		2068CC1F2A87C25B00F8A958 /* Notes */ = {
			isa = PBXGroup;
			children = (
				3F9B502F2A8FCE0A00EA7924 /* Components */,
				2068CC212A87C25B00F8A958 /* Bodies */,
				2068CC262A87C25B00F8A958 /* Decorations */,
				2068CC252A87C25B00F8A958 /* Note.swift */,
				2068CC282A87C25B00F8A958 /* NoteHeader.swift */,
				2068CC202A87C25B00F8A958 /* NoteFooter.swift */,
			);
			path = Notes;
			sourceTree = "<group>";
		};
		2068CC212A87C25B00F8A958 /* Bodies */ = {
			isa = PBXGroup;
			children = (
				2068CC222A87C25B00F8A958 /* NoteBodyReactions.swift */,
				2068CC232A87C25B00F8A958 /* NoteBodyGallery.swift */,
				2068CC242A87C25B00F8A958 /* NoteBodyText.swift */,
			);
			path = Bodies;
			sourceTree = "<group>";
		};
		2068CC262A87C25B00F8A958 /* Decorations */ = {
			isa = PBXGroup;
			children = (
				2068CC272A87C25B00F8A958 /* NoteDecorationBoost.swift */,
			);
			path = Decorations;
			sourceTree = "<group>";
		};
		2068CC292A87C25B00F8A958 /* Profile */ = {
			isa = PBXGroup;
			children = (
				2068CC2A2A87C25B00F8A958 /* ProfileSwitcher.swift */,
			);
			path = Profile;
			sourceTree = "<group>";
		};
		2068CC3D2A87C2EB00F8A958 /* Extensions */ = {
			isa = PBXGroup;
			children = (
				2068CC3E2A87C2EB00F8A958 /* MisskeyKit */,
				2068CC402A87C2EB00F8A958 /* Foundation */,
			);
			path = Extensions;
			sourceTree = "<group>";
		};
		2068CC3E2A87C2EB00F8A958 /* MisskeyKit */ = {
			isa = PBXGroup;
			children = (
				2068CC3F2A87C2EB00F8A958 /* NoteModel.swift */,
				204DA3F32A8869D900BB0598 /* MessageHistoryModel.swift */,
				204DA4032A890E5E00BB0598 /* MessageModel.swift */,
				204DA40A2A892A6000BB0598 /* MetaModel.swift */,
				2042881F2A8BAE64001DC6F2 /* EmojiModel.swift */,
				201A50F62A911ECF00956489 /* MisskeyKitError.swift */,
			);
			path = MisskeyKit;
			sourceTree = "<group>";
		};
		2068CC402A87C2EB00F8A958 /* Foundation */ = {
			isa = PBXGroup;
			children = (
				204DA4322A8AD4A000BB0598 /* String.swift */,
				2098F91D2A8EF792003CAAE2 /* Scanner.swift */,
				201A50F12A90397300956489 /* Color.swift */,
			);
			path = Foundation;
			sourceTree = "<group>";
		};
		2068CC442A87EADE00F8A958 /* Utilities */ = {
			isa = PBXGroup;
			children = (
				20AE17AD2A88421A00C9AC07 /* ImageViewer.swift */,
				204DA3FD2A8901BE00BB0598 /* RemoteImage.swift */,
				2068CC452A87EAFC00F8A958 /* ViewReloader.swift */,
			);
			path = Utilities;
			sourceTree = "<group>";
		};
		207C33D82A8FB5C400500E33 /* Context */ = {
			isa = PBXGroup;
			children = (
				207C33E32A8FC4A400500E33 /* TimelineContextBase.swift */,
				207C33D92A8FB89000500E33 /* TimelineContextProtocol.swift */,
				207C33DB2A8FB8B700500E33 /* TimelineItem.swift */,
			);
			path = Context;
			sourceTree = "<group>";
		};
		20D37D2F2A88575300BCC1C5 /* Chat */ = {
			isa = PBXGroup;
			children = (
				20D37D332A88579200BCC1C5 /* Components */,
				20D37D312A88577000BCC1C5 /* ChatListView.swift */,
				204DA3F92A88FF7500BB0598 /* ChatView.swift */,
				204DA3FF2A8907AB00BB0598 /* ChatContext.swift */,
			);
			name = Chat;
			path = ..;
			sourceTree = "<group>";
		};
		20D37D332A88579200BCC1C5 /* Components */ = {
			isa = PBXGroup;
			children = (
				204DA3F52A886FB100BB0598 /* ChatListEntry.swift */,
				204DA3F72A88F6C600BB0598 /* ChatListHeader.swift */,
				204DA4052A89167500BB0598 /* ChatBar.swift */,
				204DA3FB2A8900CC00BB0598 /* ChatHeader.swift */,
				204DA4012A890DEC00BB0598 /* ChatMessage.swift */,
			);
			name = Components;
			sourceTree = "<group>";
		};
		3F9B502F2A8FCE0A00EA7924 /* Components */ = {
			isa = PBXGroup;
			children = (
				3F9B50302A8FCE0A00EA7924 /* EmojiSection.swift */,
			);
			path = Components;
			sourceTree = "<group>";
		};
/* End PBXGroup section */

/* Begin PBXNativeTarget section */
		2068CBE92A87B5BC00F8A958 /* rawr. */ = {
			isa = PBXNativeTarget;
			buildConfigurationList = 2068CBF92A87B5BF00F8A958 /* Build configuration list for PBXNativeTarget "rawr." */;
			buildPhases = (
				2068CBE62A87B5BC00F8A958 /* Sources */,
				2068CBE72A87B5BC00F8A958 /* Frameworks */,
				2068CBE82A87B5BC00F8A958 /* Resources */,
			);
			buildRules = (
			);
			dependencies = (
			);
			name = rawr.;
			packageProductDependencies = (
				2068CBFD2A87B62100F8A958 /* SwiftKit */,
				2068CC152A87B9B500F8A958 /* MisskeyKit */,
				2068CC182A87BA1300F8A958 /* KeychainSwift */,
				2068CC382A87C2A100F8A958 /* NetworkImage */,
				20805F282A8EC0DF0001F2AB /* WrappingHStack */,
				207C33DE2A8FBD5800500E33 /* MisskeyKit */,
				207C33E12A8FC38A00500E33 /* MisskeyKit */,
			);
			productName = rawr;
			productReference = 2068CBEA2A87B5BC00F8A958 /* rawr..app */;
			productType = "com.apple.product-type.application";
		};
/* End PBXNativeTarget section */

/* Begin PBXProject section */
		2068CBE22A87B5BC00F8A958 /* Project object */ = {
			isa = PBXProject;
			attributes = {
				BuildIndependentTargetsInParallel = 1;
				LastSwiftUpdateCheck = 1500;
				LastUpgradeCheck = 1500;
				TargetAttributes = {
					2068CBE92A87B5BC00F8A958 = {
						CreatedOnToolsVersion = 15.0;
					};
				};
			};
			buildConfigurationList = 2068CBE52A87B5BC00F8A958 /* Build configuration list for PBXProject "rawr" */;
			compatibilityVersion = "Xcode 14.0";
			developmentRegion = en;
			hasScannedForEncodings = 0;
			knownRegions = (
				en,
				Base,
			);
			mainGroup = 2068CBE12A87B5BC00F8A958;
			packageReferences = (
				2068CBFC2A87B62100F8A958 /* XCRemoteSwiftPackageReference "SwiftKit" */,
				2068CC172A87BA1300F8A958 /* XCRemoteSwiftPackageReference "keychain-swift" */,
				2068CC372A87C2A100F8A958 /* XCRemoteSwiftPackageReference "NetworkImage" */,
				20805F272A8EC0DF0001F2AB /* XCRemoteSwiftPackageReference "WrappingHStack" */,
				207C33E02A8FC38A00500E33 /* XCRemoteSwiftPackageReference "MisskeyKit" */,
			);
			productRefGroup = 2068CBEB2A87B5BC00F8A958 /* Products */;
			projectDirPath = "";
			projectRoot = "";
			targets = (
				2068CBE92A87B5BC00F8A958 /* rawr. */,
			);
		};
/* End PBXProject section */

/* Begin PBXResourcesBuildPhase section */
		2068CBE82A87B5BC00F8A958 /* Resources */ = {
			isa = PBXResourcesBuildPhase;
			buildActionMask = 2147483647;
			files = (
				2068CBF62A87B5BF00F8A958 /* Preview Assets.xcassets in Resources */,
				2068CBF22A87B5BF00F8A958 /* Assets.xcassets in Resources */,
			);
			runOnlyForDeploymentPostprocessing = 0;
		};
/* End PBXResourcesBuildPhase section */

/* Begin PBXSourcesBuildPhase section */
		2068CBE62A87B5BC00F8A958 /* Sources */ = {
			isa = PBXSourcesBuildPhase;
			buildActionMask = 2147483647;
			files = (
				201A510A2A91816700956489 /* BlurView.swift in Sources */,
				201A51072A91744500956489 /* MisskeyPermission.swift in Sources */,
				204DA4092A891EF200BB0598 /* TimelineHeader.swift in Sources */,
				204DA41F2A8AB98D00BB0598 /* MFMNodeType.swift in Sources */,
				201A51052A9144C600956489 /* MFMRender.swift in Sources */,
				207C33E82A8FD13500500E33 /* LocalTimelineContext.swift in Sources */,
				201A50FF2A913E1F00956489 /* MFMRenderNode.swift in Sources */,
				204DA3F82A88F6C600BB0598 /* ChatListHeader.swift in Sources */,
				2068CC362A87C27600F8A958 /* TimelineView.swift in Sources */,
				204DA4002A8907AB00BB0598 /* ChatContext.swift in Sources */,
				2068CC2F2A87C25B00F8A958 /* NoteBodyGallery.swift in Sources */,
				2068CC112A87B96D00F8A958 /* OnboardingMisskeyAuthModalController.swift in Sources */,
				204DA3FC2A8900CC00BB0598 /* ChatHeader.swift in Sources */,
				2068CC032A87B85500F8A958 /* ViewContext.swift in Sources */,
				201A51032A91447300956489 /* MFMRenderContext.swift in Sources */,
				201A50F72A911ECF00956489 /* MisskeyKitError.swift in Sources */,
				204DA3F42A8869D900BB0598 /* MessageHistoryModel.swift in Sources */,
				201A50F22A90397300956489 /* Color.swift in Sources */,
				201A50EB2A901F5000956489 /* HashtagTimelineContext.swift in Sources */,
				207C33DA2A8FB89000500E33 /* TimelineContextProtocol.swift in Sources */,
				2068CC0E2A87B96D00F8A958 /* OnboardingWelcomeCard.swift in Sources */,
				204DA4332A8AD4A000BB0598 /* String.swift in Sources */,
				201A51012A913F9A00956489 /* MFMRenderMerger.swift in Sources */,
				20D37D322A88577000BCC1C5 /* ChatListView.swift in Sources */,
				2068CC132A87B96D00F8A958 /* OnboardingView.swift in Sources */,
				2068CC412A87C2EB00F8A958 /* NoteModel.swift in Sources */,
				2068CC342A87C25B00F8A958 /* ProfileSwitcher.swift in Sources */,
				2068CC302A87C25B00F8A958 /* NoteBodyText.swift in Sources */,
				204DA42F2A8ACC2100BB0598 /* MFMNode.swift in Sources */,
				204DA3F62A886FB100BB0598 /* ChatListEntry.swift in Sources */,
				2068CBF02A87B5BC00F8A958 /* ContentView.swift in Sources */,
				201A50F92A91384500956489 /* MFMRenderModifier.swift in Sources */,
				204DA4022A890DEC00BB0598 /* ChatMessage.swift in Sources */,
				2068CC2E2A87C25B00F8A958 /* NoteBodyReactions.swift in Sources */,
				204DA4272A8AC32D00BB0598 /* Visualizer.swift in Sources */,
				2068CC102A87B96D00F8A958 /* OnboardingServerCard.swift in Sources */,
				204288202A8BAE64001DC6F2 /* EmojiModel.swift in Sources */,
				207C33EA2A8FD18D00500E33 /* GlobalTimelineContext.swift in Sources */,
				20AE17AE2A88421A00C9AC07 /* ImageViewer.swift in Sources */,
				204DA40B2A892A6000BB0598 /* MetaModel.swift in Sources */,
				201A50F52A90DF5B00956489 /* InstanceCredentials.swift in Sources */,
				204DA4162A8A6D1A00BB0598 /* NoteView.swift in Sources */,
				2068CC012A87B80300F8A958 /* RawrKeychain.swift in Sources */,
				2068CC462A87EAFC00F8A958 /* ViewReloader.swift in Sources */,
				2068CBEE2A87B5BC00F8A958 /* rawrApp.swift in Sources */,
				2068CC312A87C25B00F8A958 /* Note.swift in Sources */,
				2098F91E2A8EF792003CAAE2 /* Scanner.swift in Sources */,
				204DA4062A89167500BB0598 /* ChatBar.swift in Sources */,
				3F9B50312A8FCE0A00EA7924 /* EmojiSection.swift in Sources */,
				204DA3FA2A88FF7500BB0598 /* ChatView.swift in Sources */,
				2068CC322A87C25B00F8A958 /* NoteDecorationBoost.swift in Sources */,
				207C33E42A8FC4A400500E33 /* TimelineContextBase.swift in Sources */,
				2068CC0F2A87B96D00F8A958 /* OnboardingConnectCard.swift in Sources */,
				2068CC122A87B96D00F8A958 /* OnboardingMisskeyAuthModal.swift in Sources */,
				2042881E2A8BAD8F001DC6F2 /* Emoji.swift in Sources */,
				204DA3FE2A8901BE00BB0598 /* RemoteImage.swift in Sources */,
				204DA4042A890E5E00BB0598 /* MessageModel.swift in Sources */,
				2068CC432A87C30A00F8A958 /* MainView.swift in Sources */,
				204DA4232A8ABD4E00BB0598 /* Tokenizer.swift in Sources */,
				2068CC332A87C25B00F8A958 /* NoteHeader.swift in Sources */,
				207C33DC2A8FB8B700500E33 /* TimelineItem.swift in Sources */,
				207C33E62A8FC6AC00500E33 /* HomeTimelineContext.swift in Sources */,
				201A50FD2A91390B00956489 /* MFMNodeProtocol.swift in Sources */,
				2068CC2B2A87C25B00F8A958 /* Timeline.swift in Sources */,
				2068CC2D2A87C25B00F8A958 /* NoteFooter.swift in Sources */,
				201A50FB2A9138EA00956489 /* MFMModifier.swift in Sources */,
			);
			runOnlyForDeploymentPostprocessing = 0;
		};
/* End PBXSourcesBuildPhase section */

/* Begin XCBuildConfiguration section */
		2068CBF72A87B5BF00F8A958 /* Debug */ = {
			isa = XCBuildConfiguration;
			buildSettings = {
				ALWAYS_SEARCH_USER_PATHS = NO;
				ASSETCATALOG_COMPILER_GENERATE_SWIFT_ASSET_SYMBOL_EXTENSIONS = YES;
				CLANG_ANALYZER_NONNULL = YES;
				CLANG_ANALYZER_NUMBER_OBJECT_CONVERSION = YES_AGGRESSIVE;
				CLANG_CXX_LANGUAGE_STANDARD = "gnu++20";
				CLANG_ENABLE_MODULES = YES;
				CLANG_ENABLE_OBJC_ARC = YES;
				CLANG_ENABLE_OBJC_WEAK = YES;
				CLANG_WARN_BLOCK_CAPTURE_AUTORELEASING = YES;
				CLANG_WARN_BOOL_CONVERSION = YES;
				CLANG_WARN_COMMA = YES;
				CLANG_WARN_CONSTANT_CONVERSION = YES;
				CLANG_WARN_DEPRECATED_OBJC_IMPLEMENTATIONS = YES;
				CLANG_WARN_DIRECT_OBJC_ISA_USAGE = YES_ERROR;
				CLANG_WARN_DOCUMENTATION_COMMENTS = YES;
				CLANG_WARN_EMPTY_BODY = YES;
				CLANG_WARN_ENUM_CONVERSION = YES;
				CLANG_WARN_INFINITE_RECURSION = YES;
				CLANG_WARN_INT_CONVERSION = YES;
				CLANG_WARN_NON_LITERAL_NULL_CONVERSION = YES;
				CLANG_WARN_OBJC_IMPLICIT_RETAIN_SELF = YES;
				CLANG_WARN_OBJC_LITERAL_CONVERSION = YES;
				CLANG_WARN_OBJC_ROOT_CLASS = YES_ERROR;
				CLANG_WARN_QUOTED_INCLUDE_IN_FRAMEWORK_HEADER = YES;
				CLANG_WARN_RANGE_LOOP_ANALYSIS = YES;
				CLANG_WARN_STRICT_PROTOTYPES = YES;
				CLANG_WARN_SUSPICIOUS_MOVE = YES;
				CLANG_WARN_UNGUARDED_AVAILABILITY = YES_AGGRESSIVE;
				CLANG_WARN_UNREACHABLE_CODE = YES;
				CLANG_WARN__DUPLICATE_METHOD_MATCH = YES;
				COPY_PHASE_STRIP = NO;
				DEBUG_INFORMATION_FORMAT = dwarf;
				ENABLE_STRICT_OBJC_MSGSEND = YES;
				ENABLE_TESTABILITY = YES;
				ENABLE_USER_SCRIPT_SANDBOXING = YES;
				GCC_C_LANGUAGE_STANDARD = gnu17;
				GCC_DYNAMIC_NO_PIC = NO;
				GCC_NO_COMMON_BLOCKS = YES;
				GCC_OPTIMIZATION_LEVEL = 0;
				GCC_PREPROCESSOR_DEFINITIONS = (
					"DEBUG=1",
					"$(inherited)",
				);
				GCC_WARN_64_TO_32_BIT_CONVERSION = YES;
				GCC_WARN_ABOUT_RETURN_TYPE = YES_ERROR;
				GCC_WARN_UNDECLARED_SELECTOR = YES;
				GCC_WARN_UNINITIALIZED_AUTOS = YES_AGGRESSIVE;
				GCC_WARN_UNUSED_FUNCTION = YES;
				GCC_WARN_UNUSED_VARIABLE = YES;
				IPHONEOS_DEPLOYMENT_TARGET = 16.0;
				LOCALIZATION_PREFERS_STRING_CATALOGS = YES;
				MTL_ENABLE_DEBUG_INFO = INCLUDE_SOURCE;
				MTL_FAST_MATH = YES;
				ONLY_ACTIVE_ARCH = YES;
				SWIFT_ACTIVE_COMPILATION_CONDITIONS = "DEBUG $(inherited)";
				SWIFT_OPTIMIZATION_LEVEL = "-Onone";
			};
			name = Debug;
		};
		2068CBF82A87B5BF00F8A958 /* Release */ = {
			isa = XCBuildConfiguration;
			buildSettings = {
				ALWAYS_SEARCH_USER_PATHS = NO;
				ASSETCATALOG_COMPILER_GENERATE_SWIFT_ASSET_SYMBOL_EXTENSIONS = YES;
				CLANG_ANALYZER_NONNULL = YES;
				CLANG_ANALYZER_NUMBER_OBJECT_CONVERSION = YES_AGGRESSIVE;
				CLANG_CXX_LANGUAGE_STANDARD = "gnu++20";
				CLANG_ENABLE_MODULES = YES;
				CLANG_ENABLE_OBJC_ARC = YES;
				CLANG_ENABLE_OBJC_WEAK = YES;
				CLANG_WARN_BLOCK_CAPTURE_AUTORELEASING = YES;
				CLANG_WARN_BOOL_CONVERSION = YES;
				CLANG_WARN_COMMA = YES;
				CLANG_WARN_CONSTANT_CONVERSION = YES;
				CLANG_WARN_DEPRECATED_OBJC_IMPLEMENTATIONS = YES;
				CLANG_WARN_DIRECT_OBJC_ISA_USAGE = YES_ERROR;
				CLANG_WARN_DOCUMENTATION_COMMENTS = YES;
				CLANG_WARN_EMPTY_BODY = YES;
				CLANG_WARN_ENUM_CONVERSION = YES;
				CLANG_WARN_INFINITE_RECURSION = YES;
				CLANG_WARN_INT_CONVERSION = YES;
				CLANG_WARN_NON_LITERAL_NULL_CONVERSION = YES;
				CLANG_WARN_OBJC_IMPLICIT_RETAIN_SELF = YES;
				CLANG_WARN_OBJC_LITERAL_CONVERSION = YES;
				CLANG_WARN_OBJC_ROOT_CLASS = YES_ERROR;
				CLANG_WARN_QUOTED_INCLUDE_IN_FRAMEWORK_HEADER = YES;
				CLANG_WARN_RANGE_LOOP_ANALYSIS = YES;
				CLANG_WARN_STRICT_PROTOTYPES = YES;
				CLANG_WARN_SUSPICIOUS_MOVE = YES;
				CLANG_WARN_UNGUARDED_AVAILABILITY = YES_AGGRESSIVE;
				CLANG_WARN_UNREACHABLE_CODE = YES;
				CLANG_WARN__DUPLICATE_METHOD_MATCH = YES;
				COPY_PHASE_STRIP = NO;
				DEBUG_INFORMATION_FORMAT = "dwarf-with-dsym";
				ENABLE_NS_ASSERTIONS = NO;
				ENABLE_STRICT_OBJC_MSGSEND = YES;
				ENABLE_USER_SCRIPT_SANDBOXING = YES;
				GCC_C_LANGUAGE_STANDARD = gnu17;
				GCC_NO_COMMON_BLOCKS = YES;
				GCC_WARN_64_TO_32_BIT_CONVERSION = YES;
				GCC_WARN_ABOUT_RETURN_TYPE = YES_ERROR;
				GCC_WARN_UNDECLARED_SELECTOR = YES;
				GCC_WARN_UNINITIALIZED_AUTOS = YES_AGGRESSIVE;
				GCC_WARN_UNUSED_FUNCTION = YES;
				GCC_WARN_UNUSED_VARIABLE = YES;
				IPHONEOS_DEPLOYMENT_TARGET = 16.0;
				LOCALIZATION_PREFERS_STRING_CATALOGS = YES;
				MTL_ENABLE_DEBUG_INFO = NO;
				MTL_FAST_MATH = YES;
				SWIFT_COMPILATION_MODE = wholemodule;
			};
			name = Release;
		};
		2068CBFA2A87B5BF00F8A958 /* Debug */ = {
			isa = XCBuildConfiguration;
			buildSettings = {
				ASSETCATALOG_COMPILER_APPICON_NAME = AppIcon;
				ASSETCATALOG_COMPILER_GLOBAL_ACCENT_COLOR_NAME = AccentColor;
				CODE_SIGN_ENTITLEMENTS = rawr/rawr.entitlements;
				CODE_SIGN_STYLE = Automatic;
				CURRENT_PROJECT_VERSION = 1;
				DEVELOPMENT_ASSET_PATHS = "\"rawr/Preview Content\"";
				DEVELOPMENT_TEAM = YR8RBAQQAV;
				ENABLE_HARDENED_RUNTIME = YES;
				ENABLE_PREVIEWS = YES;
				GENERATE_INFOPLIST_FILE = YES;
				INFOPLIST_FILE = "rawr--Info.plist";
				INFOPLIST_KEY_CFBundleDisplayName = rawr.;
				INFOPLIST_KEY_NSPhotoLibraryAddUsageDescription = "The application offers the possibility for the user to save any photo in the timeline to their gallery.";
				"INFOPLIST_KEY_UIApplicationSceneManifest_Generation[sdk=iphoneos*]" = YES;
				"INFOPLIST_KEY_UIApplicationSceneManifest_Generation[sdk=iphonesimulator*]" = YES;
				"INFOPLIST_KEY_UIApplicationSupportsIndirectInputEvents[sdk=iphoneos*]" = YES;
				"INFOPLIST_KEY_UIApplicationSupportsIndirectInputEvents[sdk=iphonesimulator*]" = YES;
				"INFOPLIST_KEY_UILaunchScreen_Generation[sdk=iphoneos*]" = YES;
				"INFOPLIST_KEY_UILaunchScreen_Generation[sdk=iphonesimulator*]" = YES;
				"INFOPLIST_KEY_UIStatusBarStyle[sdk=iphoneos*]" = UIStatusBarStyleDefault;
				"INFOPLIST_KEY_UIStatusBarStyle[sdk=iphonesimulator*]" = UIStatusBarStyleDefault;
				INFOPLIST_KEY_UISupportedInterfaceOrientations_iPad = "UIInterfaceOrientationPortrait UIInterfaceOrientationPortraitUpsideDown UIInterfaceOrientationLandscapeLeft UIInterfaceOrientationLandscapeRight";
				INFOPLIST_KEY_UISupportedInterfaceOrientations_iPhone = "UIInterfaceOrientationPortrait UIInterfaceOrientationLandscapeLeft UIInterfaceOrientationLandscapeRight";
				IPHONEOS_DEPLOYMENT_TARGET = 16.0;
				LD_RUNPATH_SEARCH_PATHS = "@executable_path/Frameworks";
				"LD_RUNPATH_SEARCH_PATHS[sdk=macosx*]" = "@executable_path/../Frameworks";
				MACOSX_DEPLOYMENT_TARGET = 14.0;
				MARKETING_VERSION = 1.0;
				PRODUCT_BUNDLE_IDENTIFIER = co.infinytum.rawr;
				PRODUCT_NAME = "$(TARGET_NAME)";
				SDKROOT = auto;
				SUPPORTED_PLATFORMS = "iphoneos iphonesimulator";
				SUPPORTS_MACCATALYST = YES;
				SWIFT_EMIT_LOC_STRINGS = YES;
				SWIFT_VERSION = 5.0;
				TARGETED_DEVICE_FAMILY = "1,2";
			};
			name = Debug;
		};
		2068CBFB2A87B5BF00F8A958 /* Release */ = {
			isa = XCBuildConfiguration;
			buildSettings = {
				ASSETCATALOG_COMPILER_APPICON_NAME = AppIcon;
				ASSETCATALOG_COMPILER_GLOBAL_ACCENT_COLOR_NAME = AccentColor;
				CODE_SIGN_ENTITLEMENTS = rawr/rawr.entitlements;
				CODE_SIGN_STYLE = Automatic;
				CURRENT_PROJECT_VERSION = 1;
				DEVELOPMENT_ASSET_PATHS = "\"rawr/Preview Content\"";
				DEVELOPMENT_TEAM = YR8RBAQQAV;
				ENABLE_HARDENED_RUNTIME = YES;
				ENABLE_PREVIEWS = YES;
				GENERATE_INFOPLIST_FILE = YES;
				INFOPLIST_FILE = "rawr--Info.plist";
				INFOPLIST_KEY_CFBundleDisplayName = rawr.;
				INFOPLIST_KEY_NSPhotoLibraryAddUsageDescription = "The application offers the possibility for the user to save any photo in the timeline to their gallery.";
				"INFOPLIST_KEY_UIApplicationSceneManifest_Generation[sdk=iphoneos*]" = YES;
				"INFOPLIST_KEY_UIApplicationSceneManifest_Generation[sdk=iphonesimulator*]" = YES;
				"INFOPLIST_KEY_UIApplicationSupportsIndirectInputEvents[sdk=iphoneos*]" = YES;
				"INFOPLIST_KEY_UIApplicationSupportsIndirectInputEvents[sdk=iphonesimulator*]" = YES;
				"INFOPLIST_KEY_UILaunchScreen_Generation[sdk=iphoneos*]" = YES;
				"INFOPLIST_KEY_UILaunchScreen_Generation[sdk=iphonesimulator*]" = YES;
				"INFOPLIST_KEY_UIStatusBarStyle[sdk=iphoneos*]" = UIStatusBarStyleDefault;
				"INFOPLIST_KEY_UIStatusBarStyle[sdk=iphonesimulator*]" = UIStatusBarStyleDefault;
				INFOPLIST_KEY_UISupportedInterfaceOrientations_iPad = "UIInterfaceOrientationPortrait UIInterfaceOrientationPortraitUpsideDown UIInterfaceOrientationLandscapeLeft UIInterfaceOrientationLandscapeRight";
				INFOPLIST_KEY_UISupportedInterfaceOrientations_iPhone = "UIInterfaceOrientationPortrait UIInterfaceOrientationLandscapeLeft UIInterfaceOrientationLandscapeRight";
				IPHONEOS_DEPLOYMENT_TARGET = 16.0;
				LD_RUNPATH_SEARCH_PATHS = "@executable_path/Frameworks";
				"LD_RUNPATH_SEARCH_PATHS[sdk=macosx*]" = "@executable_path/../Frameworks";
				MACOSX_DEPLOYMENT_TARGET = 14.0;
				MARKETING_VERSION = 1.0;
				PRODUCT_BUNDLE_IDENTIFIER = co.infinytum.rawr;
				PRODUCT_NAME = "$(TARGET_NAME)";
				SDKROOT = auto;
				SUPPORTED_PLATFORMS = "iphoneos iphonesimulator";
				SUPPORTS_MACCATALYST = YES;
				SWIFT_EMIT_LOC_STRINGS = YES;
				SWIFT_VERSION = 5.0;
				TARGETED_DEVICE_FAMILY = "1,2";
			};
			name = Release;
		};
/* End XCBuildConfiguration section */

/* Begin XCConfigurationList section */
		2068CBE52A87B5BC00F8A958 /* Build configuration list for PBXProject "rawr" */ = {
			isa = XCConfigurationList;
			buildConfigurations = (
				2068CBF72A87B5BF00F8A958 /* Debug */,
				2068CBF82A87B5BF00F8A958 /* Release */,
			);
			defaultConfigurationIsVisible = 0;
			defaultConfigurationName = Release;
		};
		2068CBF92A87B5BF00F8A958 /* Build configuration list for PBXNativeTarget "rawr." */ = {
			isa = XCConfigurationList;
			buildConfigurations = (
				2068CBFA2A87B5BF00F8A958 /* Debug */,
				2068CBFB2A87B5BF00F8A958 /* Release */,
			);
			defaultConfigurationIsVisible = 0;
			defaultConfigurationName = Release;
		};
/* End XCConfigurationList section */

/* Begin XCRemoteSwiftPackageReference section */
		2068CBFC2A87B62100F8A958 /* XCRemoteSwiftPackageReference "SwiftKit" */ = {
			isa = XCRemoteSwiftPackageReference;
			repositoryURL = "https://github.com/Infinytum/SwiftKit";
			requirement = {
				branch = main;
				kind = branch;
			};
		};
		2068CC172A87BA1300F8A958 /* XCRemoteSwiftPackageReference "keychain-swift" */ = {
			isa = XCRemoteSwiftPackageReference;
			repositoryURL = "https://github.com/evgenyneu/keychain-swift";
			requirement = {
				kind = upToNextMajorVersion;
				minimumVersion = 20.0.0;
			};
		};
		2068CC372A87C2A100F8A958 /* XCRemoteSwiftPackageReference "NetworkImage" */ = {
			isa = XCRemoteSwiftPackageReference;
			repositoryURL = "https://github.com/gonzalezreal/NetworkImage";
			requirement = {
				kind = upToNextMajorVersion;
				minimumVersion = 5.0.0;
			};
		};
		207C33E02A8FC38A00500E33 /* XCRemoteSwiftPackageReference "MisskeyKit" */ = {
			isa = XCRemoteSwiftPackageReference;
			repositoryURL = "https://github.com/nilathedragon/MisskeyKit";
			requirement = {
				branch = master;
				kind = branch;
			};
		};
		20805F272A8EC0DF0001F2AB /* XCRemoteSwiftPackageReference "WrappingHStack" */ = {
			isa = XCRemoteSwiftPackageReference;
			repositoryURL = "https://github.com/ksemianov/WrappingHStack";
			requirement = {
				kind = upToNextMajorVersion;
				minimumVersion = 0.1.3;
			};
		};
/* End XCRemoteSwiftPackageReference section */

/* Begin XCSwiftPackageProductDependency section */
		2068CBFD2A87B62100F8A958 /* SwiftKit */ = {
			isa = XCSwiftPackageProductDependency;
			package = 2068CBFC2A87B62100F8A958 /* XCRemoteSwiftPackageReference "SwiftKit" */;
			productName = SwiftKit;
		};
		2068CC152A87B9B500F8A958 /* MisskeyKit */ = {
			isa = XCSwiftPackageProductDependency;
			productName = MisskeyKit;
		};
		2068CC182A87BA1300F8A958 /* KeychainSwift */ = {
			isa = XCSwiftPackageProductDependency;
			package = 2068CC172A87BA1300F8A958 /* XCRemoteSwiftPackageReference "keychain-swift" */;
			productName = KeychainSwift;
		};
		2068CC382A87C2A100F8A958 /* NetworkImage */ = {
			isa = XCSwiftPackageProductDependency;
			package = 2068CC372A87C2A100F8A958 /* XCRemoteSwiftPackageReference "NetworkImage" */;
			productName = NetworkImage;
		};
		207C33DE2A8FBD5800500E33 /* MisskeyKit */ = {
			isa = XCSwiftPackageProductDependency;
			productName = MisskeyKit;
		};
		207C33E12A8FC38A00500E33 /* MisskeyKit */ = {
			isa = XCSwiftPackageProductDependency;
			package = 207C33E02A8FC38A00500E33 /* XCRemoteSwiftPackageReference "MisskeyKit" */;
			productName = MisskeyKit;
		};
		20805F282A8EC0DF0001F2AB /* WrappingHStack */ = {
			isa = XCSwiftPackageProductDependency;
			package = 20805F272A8EC0DF0001F2AB /* XCRemoteSwiftPackageReference "WrappingHStack" */;
			productName = WrappingHStack;
		};
/* End XCSwiftPackageProductDependency section */
	};
	rootObject = 2068CBE22A87B5BC00F8A958 /* Project object */;
}
